
Microsoft Visual Studio Solution File, Format Version 12.00
# Visual Studio Version 16
VisualStudioVersion = 16.0.31321.278
MinimumVisualStudioVersion = 10.0.40219.1
Project("{FAE04EC0-301F-11D3-BF4B-00C04F79EFBC}") = "Cadastro.TesteIntegrado", "Cadastro.TesteIntegrado\Cadastro.TesteIntegrado.csproj", "{4F246E34-4707-4B14-8986-E296A3120FAF}"
EndProject
Project("{9A19103F-16F7-4668-BE54-9A1E7A4F7556}") = "Cadastro.Domain", "..\..\Cadastro\API\Cadastro.Domain\Cadastro.Domain.csproj", "{2DC5D637-510F-410D-919A-70BD23E990AB}"
EndProject
Global
	GlobalSection(SolutionConfigurationPlatforms) = preSolution
		Debug|Any CPU = Debug|Any CPU
		Release|Any CPU = Release|Any CPU
	EndGlobalSection
	GlobalSection(ProjectConfigurationPlatforms) = postSolution
		{4F246E34-4707-4B14-8986-E296A3120FAF}.Debug|Any CPU.ActiveCfg = Debug|Any CPU
		{4F246E34-4707-4B14-8986-E296A3120FAF}.Debug|Any CPU.Build.0 = Debug|Any CPU
		{4F246E34-4707-4B14-8986-E296A3120FAF}.Release|Any CPU.ActiveCfg = Release|Any CPU
		{4F246E34-4707-4B14-8986-E296A3120FAF}.Release|Any CPU.Build.0 = Release|Any CPU
		{2DC5D637-510F-410D-919A-70BD23E990AB}.Debug|Any CPU.ActiveCfg = Debug|Any CPU
		{2DC5D637-510F-410D-919A-70BD23E990AB}.Debug|Any CPU.Build.0 = Debug|Any CPU
		{2DC5D637-510F-410D-919A-70BD23E990AB}.Release|Any CPU.ActiveCfg = Release|Any CPU
		{2DC5D637-510F-410D-919A-70BD23E990AB}.Release|Any CPU.Build.0 = Release|Any CPU
	EndGlobalSection
	GlobalSection(SolutionProperties) = preSolution
		HideSolutionNode = FALSE
	EndGlobalSection
	GlobalSection(ExtensibilityGlobals) = postSolution
		SolutionGuid = {617EDCD5-6A76-4309-9218-8311FC17F99F}
	EndGlobalSection
EndGlobal
